
Microsoft Visual Studio Solution File, Format Version 12.00
# Visual Studio Version 16
VisualStudioVersion = 16.0.28729.10
MinimumVisualStudioVersion = 10.0.40219.1
Project("{FAE04EC0-301F-11D3-BF4B-00C04F79EFBC}") = "ExamenProgramacion", "ExamenProgramacion\ExamenProgramacion.csproj", "{1ED1935C-1CAB-4147-BEC8-1647885AF6D5}"
EndProject
Global
	GlobalSection(SolutionConfigurationPlatforms) = preSolution
		Debug|Any CPU = Debug|Any CPU
		Release|Any CPU = Release|Any CPU
	EndGlobalSection
	GlobalSection(ProjectConfigurationPlatforms) = postSolution
		{1ED1935C-1CAB-4147-BEC8-1647885AF6D5}.Debug|Any CPU.ActiveCfg = Debug|Any CPU
		{1ED1935C-1CAB-4147-BEC8-1647885AF6D5}.Debug|Any CPU.Build.0 = Debug|Any CPU
		{1ED1935C-1CAB-4147-BEC8-1647885AF6D5}.Release|Any CPU.ActiveCfg = Release|Any CPU
		{1ED1935C-1CAB-4147-BEC8-1647885AF6D5}.Release|Any CPU.Build.0 = Release|Any CPU
	EndGlobalSection
	GlobalSection(SolutionProperties) = preSolution
		HideSolutionNode = FALSE
	EndGlobalSection
	GlobalSection(ExtensibilityGlobals) = postSolution
		SolutionGuid = {C7FF7694-60F1-406B-AB5D-E3D557D3254D}
	EndGlobalSection
EndGlobal
